Microsoft Visual Studio Solution File, Format Version 12.00
# Visual Studio Version 17
VisualStudioVersion = 17.5.2.0
MinimumVisualStudioVersion = 10.0.40219.1
Project("{2150E333-8FDC-42A3-9474-1A3956D46DE8}") = "bluesky-windows-client", "bluesky-windows-client", "{91F07BD2-7AC6-FBAA-AC55-F5E292C5AD55}"
EndProject
Project("{2150E333-8FDC-42A3-9474-1A3956D46DE8}") = "src", "src", "{7DC3D1C6-33EC-DB1E-2432-CFB810526082}"
EndProject
Project("{FAE04EC0-301F-11D3-BF4B-00C04F79EFBC}") = "Bluesky.Client", "bluesky-windows-client\src\Bluesky.Client\Bluesky.Client.csproj", "{91197C40-D10F-36BE-4F6D-0403AE41AD50}"
EndProject
Global
	GlobalSection(SolutionConfigurationPlatforms) = preSolution
		Debug|Any CPU = Debug|Any CPU
		Release|Any CPU = Release|Any CPU
	EndGlobalSection
	GlobalSection(ProjectConfigurationPlatforms) = postSolution
		{91197C40-D10F-36BE-4F6D-0403AE41AD50}.Debug|Any CPU.ActiveCfg = Debug|Any CPU
		{91197C40-D10F-36BE-4F6D-0403AE41AD50}.Debug|Any CPU.Build.0 = Debug|Any CPU
		{91197C40-D10F-36BE-4F6D-0403AE41AD50}.Release|Any CPU.ActiveCfg = Release|Any CPU
		{91197C40-D10F-36BE-4F6D-0403AE41AD50}.Release|Any CPU.Build.0 = Release|Any CPU
	EndGlobalSection
	GlobalSection(SolutionProperties) = preSolution
		HideSolutionNode = FALSE
	EndGlobalSection
	GlobalSection(NestedProjects) = preSolution
		{7DC3D1C6-33EC-DB1E-2432-CFB810526082} = {91F07BD2-7AC6-FBAA-AC55-F5E292C5AD55}
		{91197C40-D10F-36BE-4F6D-0403AE41AD50} = {7DC3D1C6-33EC-DB1E-2432-CFB810526082}
	EndGlobalSection
	GlobalSection(ExtensibilityGlobals) = postSolution
		SolutionGuid = {260B7F5F-BF5D-4659-AFFD-BCB2F5881B86}
	EndGlobalSection
EndGlobal
